
Microsoft Visual Studio Solution File, Format Version 12.00
# Visual Studio Version 17
VisualStudioVersion = 17.3.32929.385
MinimumVisualStudioVersion = 10.0.40219.1
Project("{FAE04EC0-301F-11D3-BF4B-00C04F79EFBC}") = "SimpleProjectCRUD", "SimpleProjectCRUD\SimpleProjectCRUD.csproj", "{FBE1D2FF-9F50-44DE-B320-E5C0BE53FF0C}"
EndProject
Global
	GlobalSection(SolutionConfigurationPlatforms) = preSolution
		Debug|Any CPU = Debug|Any CPU
		Release|Any CPU = Release|Any CPU
	EndGlobalSection
	GlobalSection(ProjectConfigurationPlatforms) = postSolution
		{FBE1D2FF-9F50-44DE-B320-E5C0BE53FF0C}.Debug|Any CPU.ActiveCfg = Debug|Any CPU
		{FBE1D2FF-9F50-44DE-B320-E5C0BE53FF0C}.Debug|Any CPU.Build.0 = Debug|Any CPU
		{FBE1D2FF-9F50-44DE-B320-E5C0BE53FF0C}.Release|Any CPU.ActiveCfg = Release|Any CPU
		{FBE1D2FF-9F50-44DE-B320-E5C0BE53FF0C}.Release|Any CPU.Build.0 = Release|Any CPU
	EndGlobalSection
	GlobalSection(SolutionProperties) = preSolution
		HideSolutionNode = FALSE
	EndGlobalSection
	GlobalSection(ExtensibilityGlobals) = postSolution
		SolutionGuid = {279E915F-CE4B-4555-AD8A-7BB2E977AA98}
	EndGlobalSection
EndGlobal
